
Microsoft Visual Studio Solution File, Format Version 12.00
# Visual Studio 14
VisualStudioVersion = 14.0.24720.0
MinimumVisualStudioVersion = 10.0.40219.1
Project("{FAE04EC0-301F-11D3-BF4B-00C04F79EFBC}") = "MyApp", "MyApp\MyApp.csproj", "{ACFFF5FF-7F92-4F6C-BA60-796CB66130A0}"
EndProject
Project("{FAE04EC0-301F-11D3-BF4B-00C04F79EFBC}") = "MyApp.PCL", "MyApp.PCL\MyApp.PCL.csproj", "{04F30EC1-874D-4412-8644-482CE0B33025}"
EndProject
Global
	GlobalSection(SolutionConfigurationPlatforms) = preSolution
		Debug|Any CPU = Debug|Any CPU
		Release|Any CPU = Release|Any CPU
	EndGlobalSection
	GlobalSection(ProjectConfigurationPlatforms) = postSolution
		{ACFFF5FF-7F92-4F6C-BA60-796CB66130A0}.Debug|Any CPU.ActiveCfg = Debug|Any CPU
		{ACFFF5FF-7F92-4F6C-BA60-796CB66130A0}.Debug|Any CPU.Build.0 = Debug|Any CPU
		{ACFFF5FF-7F92-4F6C-BA60-796CB66130A0}.Debug|Any CPU.Deploy.0 = Debug|Any CPU
		{ACFFF5FF-7F92-4F6C-BA60-796CB66130A0}.Release|Any CPU.ActiveCfg = Release|Any CPU
		{ACFFF5FF-7F92-4F6C-BA60-796CB66130A0}.Release|Any CPU.Build.0 = Release|Any CPU
		{ACFFF5FF-7F92-4F6C-BA60-796CB66130A0}.Release|Any CPU.Deploy.0 = Release|Any CPU
		{04F30EC1-874D-4412-8644-482CE0B33025}.Debug|Any CPU.ActiveCfg = Debug|Any CPU
		{04F30EC1-874D-4412-8644-482CE0B33025}.Debug|Any CPU.Build.0 = Debug|Any CPU
		{04F30EC1-874D-4412-8644-482CE0B33025}.Release|Any CPU.ActiveCfg = Release|Any CPU
		{04F30EC1-874D-4412-8644-482CE0B33025}.Release|Any CPU.Build.0 = Release|Any CPU
	EndGlobalSection
	GlobalSection(SolutionProperties) = preSolution
		HideSolutionNode = FALSE
	EndGlobalSection
EndGlobal
